
Microsoft Visual Studio Solution File, Format Version 12.00
# Visual Studio Version 16
VisualStudioVersion = 16.0.29709.97
MinimumVisualStudioVersion = 10.0.40219.1
Project("{FAE04EC0-301F-11D3-BF4B-00C04F79EFBC}") = "LayoutsXF.Android", "LayoutsXF\LayoutsXF.Android\LayoutsXF.Android.csproj", "{21E669B6-838D-43AE-94CD-E06066C81514}"
EndProject
Project("{FAE04EC0-301F-11D3-BF4B-00C04F79EFBC}") = "LayoutsXF.iOS", "LayoutsXF\LayoutsXF.iOS\LayoutsXF.iOS.csproj", "{9532A031-7A10-460D-A71E-32E5FA673553}"
EndProject
Project("{FAE04EC0-301F-11D3-BF4B-00C04F79EFBC}") = "LayoutsXF", "LayoutsXF\LayoutsXF\LayoutsXF.csproj", "{BBA74976-A10A-45E4-88F5-87E41802D3E3}"
EndProject
Global
	GlobalSection(SolutionConfigurationPlatforms) = preSolution
		Debug|Any CPU = Debug|Any CPU
		Debug|iPhone = Debug|iPhone
		Debug|iPhoneSimulator = Debug|iPhoneSimulator
		Release|Any CPU = Release|Any CPU
		Release|iPhone = Release|iPhone
		Release|iPhoneSimulator = Release|iPhoneSimulator
	EndGlobalSection
	GlobalSection(ProjectConfigurationPlatforms) = postSolution
		{21E669B6-838D-43AE-94CD-E06066C81514}.Debug|Any CPU.ActiveCfg = Debug|Any CPU
		{21E669B6-838D-43AE-94CD-E06066C81514}.Debug|Any CPU.Build.0 = Debug|Any CPU
		{21E669B6-838D-43AE-94CD-E06066C81514}.Debug|Any CPU.Deploy.0 = Debug|Any CPU
		{21E669B6-838D-43AE-94CD-E06066C81514}.Debug|iPhone.ActiveCfg = Debug|Any CPU
		{21E669B6-838D-43AE-94CD-E06066C81514}.Debug|iPhone.Build.0 = Debug|Any CPU
		{21E669B6-838D-43AE-94CD-E06066C81514}.Debug|iPhone.Deploy.0 = Debug|Any CPU
		{21E669B6-838D-43AE-94CD-E06066C81514}.Debug|iPhoneSimulator.ActiveCfg = Debug|Any CPU
		{21E669B6-838D-43AE-94CD-E06066C81514}.Debug|iPhoneSimulator.Build.0 = Debug|Any CPU
		{21E669B6-838D-43AE-94CD-E06066C81514}.Debug|iPhoneSimulator.Deploy.0 = Debug|Any CPU
		{21E669B6-838D-43AE-94CD-E06066C81514}.Release|Any CPU.ActiveCfg = Release|Any CPU
		{21E669B6-838D-43AE-94CD-E06066C81514}.Release|Any CPU.Build.0 = Release|Any CPU
		{21E669B6-838D-43AE-94CD-E06066C81514}.Release|Any CPU.Deploy.0 = Release|Any CPU
		{21E669B6-838D-43AE-94CD-E06066C81514}.Release|iPhone.ActiveCfg = Release|Any CPU
		{21E669B6-838D-43AE-94CD-E06066C81514}.Release|iPhone.Build.0 = Release|Any CPU
		{21E669B6-838D-43AE-94CD-E06066C81514}.Release|iPhone.Deploy.0 = Release|Any CPU
		{21E669B6-838D-43AE-94CD-E06066C81514}.Release|iPhoneSimulator.ActiveCfg = Release|Any CPU
		{21E669B6-838D-43AE-94CD-E06066C81514}.Release|iPhoneSimulator.Build.0 = Release|Any CPU
		{21E669B6-838D-43AE-94CD-E06066C81514}.Release|iPhoneSimulator.Deploy.0 = Release|Any CPU
		{9532A031-7A10-460D-A71E-32E5FA673553}.Debug|Any CPU.ActiveCfg = Debug|iPhoneSimulator
		{9532A031-7A10-460D-A71E-32E5FA673553}.Debug|Any CPU.Build.0 = Debug|iPhoneSimulator
		{9532A031-7A10-460D-A71E-32E5FA673553}.Debug|Any CPU.Deploy.0 = Debug|iPhoneSimulator
		{9532A031-7A10-460D-A71E-32E5FA673553}.Debug|iPhone.ActiveCfg = Debug|iPhone
		{9532A031-7A10-460D-A71E-32E5FA673553}.Debug|iPhone.Build.0 = Debug|iPhone
		{9532A031-7A10-460D-A71E-32E5FA673553}.Debug|iPhone.Deploy.0 = Debug|iPhone
		{9532A031-7A10-460D-A71E-32E5FA673553}.Debug|iPhoneSimulator.ActiveCfg = Debug|iPhoneSimulator
		{9532A031-7A10-460D-A71E-32E5FA673553}.Debug|iPhoneSimulator.Build.0 = Debug|iPhoneSimulator
		{9532A031-7A10-460D-A71E-32E5FA673553}.Debug|iPhoneSimulator.Deploy.0 = Debug|iPhoneSimulator
		{9532A031-7A10-460D-A71E-32E5FA673553}.Release|Any CPU.ActiveCfg = Release|iPhone
		{9532A031-7A10-460D-A71E-32E5FA673553}.Release|Any CPU.Build.0 = Release|iPhone
		{9532A031-7A10-460D-A71E-32E5FA673553}.Release|Any CPU.Deploy.0 = Release|iPhone
		{9532A031-7A10-460D-A71E-32E5FA673553}.Release|iPhone.ActiveCfg = Release|iPhone
		{9532A031-7A10-460D-A71E-32E5FA673553}.Release|iPhone.Build.0 = Release|iPhone
		{9532A031-7A10-460D-A71E-32E5FA673553}.Release|iPhone.Deploy.0 = Release|iPhone
		{9532A031-7A10-460D-A71E-32E5FA673553}.Release|iPhoneSimulator.ActiveCfg = Release|iPhoneSimulator
		{9532A031-7A10-460D-A71E-32E5FA673553}.Release|iPhoneSimulator.Build.0 = Release|iPhoneSimulator
		{9532A031-7A10-460D-A71E-32E5FA673553}.Release|iPhoneSimulator.Deploy.0 = Release|iPhoneSimulator
		{BBA74976-A10A-45E4-88F5-87E41802D3E3}.Debug|Any CPU.ActiveCfg = Debug|Any CPU
		{BBA74976-A10A-45E4-88F5-87E41802D3E3}.Debug|Any CPU.Build.0 = Debug|Any CPU
		{BBA74976-A10A-45E4-88F5-87E41802D3E3}.Debug|Any CPU.Deploy.0 = Debug|Any CPU
		{BBA74976-A10A-45E4-88F5-87E41802D3E3}.Debug|iPhone.ActiveCfg = Debug|Any CPU
		{BBA74976-A10A-45E4-88F5-87E41802D3E3}.Debug|iPhone.Build.0 = Debug|Any CPU
		{BBA74976-A10A-45E4-88F5-87E41802D3E3}.Debug|iPhone.Deploy.0 = Debug|Any CPU
		{BBA74976-A10A-45E4-88F5-87E41802D3E3}.Debug|iPhoneSimulator.ActiveCfg = Debug|Any CPU
		{BBA74976-A10A-45E4-88F5-87E41802D3E3}.Debug|iPhoneSimulator.Build.0 = Debug|Any CPU
		{BBA74976-A10A-45E4-88F5-87E41802D3E3}.Debug|iPhoneSimulator.Deploy.0 = Debug|Any CPU
		{BBA74976-A10A-45E4-88F5-87E41802D3E3}.Release|Any CPU.ActiveCfg = Release|Any CPU
		{BBA74976-A10A-45E4-88F5-87E41802D3E3}.Release|Any CPU.Build.0 = Release|Any CPU
		{BBA74976-A10A-45E4-88F5-87E41802D3E3}.Release|Any CPU.Deploy.0 = Release|Any CPU
		{BBA74976-A10A-45E4-88F5-87E41802D3E3}.Release|iPhone.ActiveCfg = Release|Any CPU
		{BBA74976-A10A-45E4-88F5-87E41802D3E3}.Release|iPhone.Build.0 = Release|Any CPU
		{BBA74976-A10A-45E4-88F5-87E41802D3E3}.Release|iPhone.Deploy.0 = Release|Any CPU
		{BBA74976-A10A-45E4-88F5-87E41802D3E3}.Release|iPhoneSimulator.ActiveCfg = Release|Any CPU
		{BBA74976-A10A-45E4-88F5-87E41802D3E3}.Release|iPhoneSimulator.Build.0 = Release|Any CPU
		{BBA74976-A10A-45E4-88F5-87E41802D3E3}.Release|iPhoneSimulator.Deploy.0 = Release|Any CPU
	EndGlobalSection
	GlobalSection(SolutionProperties) = preSolution
		HideSolutionNode = FALSE
	EndGlobalSection
	GlobalSection(ExtensibilityGlobals) = postSolution
		SolutionGuid = {9B3B550A-040E-444B-AC19-6C4C75ECF2FF}
	EndGlobalSection
EndGlobal
